// !$*UTF8*$!
{
	archiveVersion = 1;
	classes = {
	};
	objectVersion = 56;
	objects = {

/* Begin PBXBuildFile section */
		3BC259E906A3443CBBA34DB2 /* Pods_XHomeLibrary.framework in Frameworks */ = {isa = PBXBuildFile; fileRef = 243B8E70B926AA63D6D49F25 /* Pods_XHomeLibrary.framework */; };
		3E0E47A62AC1DB06003A2C1B /* HoneycombImageModifier.swift in Sources */ = {isa = PBXBuildFile; fileRef = 3E0E47A52AC1DB06003A2C1B /* HoneycombImageModifier.swift */; };
		3E0E47A82AC1DDBF003A2C1B /* XColor.swift in Sources */ = {isa = PBXBuildFile; fileRef = 3E0E47A72AC1DDBF003A2C1B /* XColor.swift */; };
		3E3B6EA92AC478B10078AFB0 /* BookshelfView.swift in Sources */ = {isa = PBXBuildFile; fileRef = 3E3B6EA82AC478B10078AFB0 /* BookshelfView.swift */; };
		3E4B8E5A2ABFE6B60010028C /* XHomeLibraryApp.swift in Sources */ = {isa = PBXBuildFile; fileRef = 3E4B8E592ABFE6B60010028C /* XHomeLibraryApp.swift */; };
		3E4B8E5C2ABFE6B60010028C /* ContentView.swift in Sources */ = {isa = PBXBuildFile; fileRef = 3E4B8E5B2ABFE6B60010028C /* ContentView.swift */; };
		3E4B8E5E2ABFE6B80010028C /* Assets.xcassets in Resources */ = {isa = PBXBuildFile; fileRef = 3E4B8E5D2ABFE6B80010028C /* Assets.xcassets */; };
		3E4B8E612ABFE6B80010028C /* Preview Assets.xcassets in Resources */ = {isa = PBXBuildFile; fileRef = 3E4B8E602ABFE6B80010028C /* Preview Assets.xcassets */; };
		3E5FC2912ABFEA1800EBD86B /* HomeView.swift in Sources */ = {isa = PBXBuildFile; fileRef = 3E5FC2902ABFEA1800EBD86B /* HomeView.swift */; };
		3E5FC2A42ABFF56E00EBD86B /* SearchAPI.swift in Sources */ = {isa = PBXBuildFile; fileRef = 3E5FC2982ABFF56E00EBD86B /* SearchAPI.swift */; };
		3E5FC2A52ABFF56E00EBD86B /* MoyaResult+Extension.swift in Sources */ = {isa = PBXBuildFile; fileRef = 3E5FC29A2ABFF56E00EBD86B /* MoyaResult+Extension.swift */; };
		3E5FC2A62ABFF56E00EBD86B /* MoyaProviderType+Extension.swift in Sources */ = {isa = PBXBuildFile; fileRef = 3E5FC29B2ABFF56E00EBD86B /* MoyaProviderType+Extension.swift */; };
		3E5FC2A72ABFF56E00EBD86B /* Response+Extension.swift in Sources */ = {isa = PBXBuildFile; fileRef = 3E5FC29C2ABFF56E00EBD86B /* Response+Extension.swift */; };
		3E5FC2A82ABFF56E00EBD86B /* NetWorking.swift in Sources */ = {isa = PBXBuildFile; fileRef = 3E5FC29E2ABFF56E00EBD86B /* NetWorking.swift */; };
		3E5FC2A92ABFF56E00EBD86B /* ApiConfig.swift in Sources */ = {isa = PBXBuildFile; fileRef = 3E5FC29F2ABFF56E00EBD86B /* ApiConfig.swift */; };
		3E5FC2AA2ABFF56E00EBD86B /* TokenPlugin.swift in Sources */ = {isa = PBXBuildFile; fileRef = 3E5FC2A12ABFF56E00EBD86B /* TokenPlugin.swift */; };
		3E5FC2AB2ABFF56E00EBD86B /* NetworkLoggerPlugin.swift in Sources */ = {isa = PBXBuildFile; fileRef = 3E5FC2A22ABFF56E00EBD86B /* NetworkLoggerPlugin.swift */; };
		3E5FC2AC2ABFF56E00EBD86B /* WarningPlugin.swift in Sources */ = {isa = PBXBuildFile; fileRef = 3E5FC2A32ABFF56E00EBD86B /* WarningPlugin.swift */; };
		3E5FC2AE2AC020A200EBD86B /* LocalBookshelfView.swift in Sources */ = {isa = PBXBuildFile; fileRef = 3E5FC2AD2AC020A200EBD86B /* LocalBookshelfView.swift */; };
		3E5FC2B02AC020F800EBD86B /* MineView.swift in Sources */ = {isa = PBXBuildFile; fileRef = 3E5FC2AF2AC020F800EBD86B /* MineView.swift */; };
		3E5FC2B42AC02FC600EBD86B /* Book.swift in Sources */ = {isa = PBXBuildFile; fileRef = 3E5FC2B32AC02FC600EBD86B /* Book.swift */; };
		3E5FC2B62AC03B5100EBD86B /* BookItemView.swift in Sources */ = {isa = PBXBuildFile; fileRef = 3E5FC2B52AC03B5100EBD86B /* BookItemView.swift */; };
		3E5FC2BA2AC060C500EBD86B /* TabViewModel.swift in Sources */ = {isa = PBXBuildFile; fileRef = 3E5FC2B92AC060C500EBD86B /* TabViewModel.swift */; };
		3E5FC2BC2AC0648600EBD86B /* BookshelfViewModel.swift in Sources */ = {isa = PBXBuildFile; fileRef = 3E5FC2BB2AC0648600EBD86B /* BookshelfViewModel.swift */; };
		3E5FC2BE2AC0851400EBD86B /* MainView.swift in Sources */ = {isa = PBXBuildFile; fileRef = 3E5FC2BD2AC0851400EBD86B /* MainView.swift */; };
		3E5FC2C12AC08D0A00EBD86B /* LocalBookshelfViewModel.swift in Sources */ = {isa = PBXBuildFile; fileRef = 3E5FC2C02AC08D0A00EBD86B /* LocalBookshelfViewModel.swift */; };
		3E5FC2C42AC08EF400EBD86B /* AddBookView.swift in Sources */ = {isa = PBXBuildFile; fileRef = 3E5FC2C32AC08EF400EBD86B /* AddBookView.swift */; };
/* End PBXBuildFile section */

/* Begin PBXFileReference section */
		14B1E245D87BD8DD275875C5 /* Pods-XHomeLibrary.release.xcconfig */ = {isa = PBXFileReference; includeInIndex = 1; lastKnownFileType = text.xcconfig; name = "Pods-XHomeLibrary.release.xcconfig"; path = "Target Support Files/Pods-XHomeLibrary/Pods-XHomeLibrary.release.xcconfig"; sourceTree = "<group>"; };
		243B8E70B926AA63D6D49F25 /* Pods_XHomeLibrary.framework */ = {isa = PBXFileReference; explicitFileType = wrapper.framework; includeInIndex = 0; path = Pods_XHomeLibrary.framework; sourceTree = BUILT_PRODUCTS_DIR; };
		3E0E47A52AC1DB06003A2C1B /* HoneycombImageModifier.swift */ = {isa = PBXFileReference; lastKnownFileType = sourcecode.swift; path = HoneycombImageModifier.swift; sourceTree = "<group>"; };
		3E0E47A72AC1DDBF003A2C1B /* XColor.swift */ = {isa = PBXFileReference; lastKnownFileType = sourcecode.swift; path = XColor.swift; sourceTree = "<group>"; };
		3E3B6EA82AC478B10078AFB0 /* BookshelfView.swift */ = {isa = PBXFileReference; lastKnownFileType = sourcecode.swift; path = BookshelfView.swift; sourceTree = "<group>"; };
		3E4B8E562ABFE6B60010028C /* XHomeLibrary.app */ = {isa = PBXFileReference; explicitFileType = wrapper.application; includeInIndex = 0; path = XHomeLibrary.app; sourceTree = BUILT_PRODUCTS_DIR; };
		3E4B8E592ABFE6B60010028C /* XHomeLibraryApp.swift */ = {isa = PBXFileReference; lastKnownFileType = sourcecode.swift; path = XHomeLibraryApp.swift; sourceTree = "<group>"; };
		3E4B8E5B2ABFE6B60010028C /* ContentView.swift */ = {isa = PBXFileReference; lastKnownFileType = sourcecode.swift; path = ContentView.swift; sourceTree = "<group>"; };
		3E4B8E5D2ABFE6B80010028C /* Assets.xcassets */ = {isa = PBXFileReference; lastKnownFileType = folder.assetcatalog; path = Assets.xcassets; sourceTree = "<group>"; };
		3E4B8E602ABFE6B80010028C /* Preview Assets.xcassets */ = {isa = PBXFileReference; lastKnownFileType = folder.assetcatalog; path = "Preview Assets.xcassets"; sourceTree = "<group>"; };
		3E5FC2902ABFEA1800EBD86B /* HomeView.swift */ = {isa = PBXFileReference; lastKnownFileType = sourcecode.swift; path = HomeView.swift; sourceTree = "<group>"; };
		3E5FC2982ABFF56E00EBD86B /* SearchAPI.swift */ = {isa = PBXFileReference; fileEncoding = 4; lastKnownFileType = sourcecode.swift; path = SearchAPI.swift; sourceTree = "<group>"; };
		3E5FC29A2ABFF56E00EBD86B /* MoyaResult+Extension.swift */ = {isa = PBXFileReference; fileEncoding = 4; lastKnownFileType = sourcecode.swift; path = "MoyaResult+Extension.swift"; sourceTree = "<group>"; };
		3E5FC29B2ABFF56E00EBD86B /* MoyaProviderType+Extension.swift */ = {isa = PBXFileReference; fileEncoding = 4; lastKnownFileType = sourcecode.swift; path = "MoyaProviderType+Extension.swift"; sourceTree = "<group>"; };
		3E5FC29C2ABFF56E00EBD86B /* Response+Extension.swift */ = {isa = PBXFileReference; fileEncoding = 4; lastKnownFileType = sourcecode.swift; path = "Response+Extension.swift"; sourceTree = "<group>"; };
		3E5FC29E2ABFF56E00EBD86B /* NetWorking.swift */ = {isa = PBXFileReference; fileEncoding = 4; lastKnownFileType = sourcecode.swift; path = NetWorking.swift; sourceTree = "<group>"; };
		3E5FC29F2ABFF56E00EBD86B /* ApiConfig.swift */ = {isa = PBXFileReference; fileEncoding = 4; lastKnownFileType = sourcecode.swift; path = ApiConfig.swift; sourceTree = "<group>"; };
		3E5FC2A12ABFF56E00EBD86B /* TokenPlugin.swift */ = {isa = PBXFileReference; fileEncoding = 4; lastKnownFileType = sourcecode.swift; path = TokenPlugin.swift; sourceTree = "<group>"; };
		3E5FC2A22ABFF56E00EBD86B /* NetworkLoggerPlugin.swift */ = {isa = PBXFileReference; fileEncoding = 4; lastKnownFileType = sourcecode.swift; path = NetworkLoggerPlugin.swift; sourceTree = "<group>"; };
		3E5FC2A32ABFF56E00EBD86B /* WarningPlugin.swift */ = {isa = PBXFileReference; fileEncoding = 4; lastKnownFileType = sourcecode.swift; path = WarningPlugin.swift; sourceTree = "<group>"; };
		3E5FC2AD2AC020A200EBD86B /* LocalBookshelfView.swift */ = {isa = PBXFileReference; lastKnownFileType = sourcecode.swift; path = LocalBookshelfView.swift; sourceTree = "<group>"; };
		3E5FC2AF2AC020F800EBD86B /* MineView.swift */ = {isa = PBXFileReference; lastKnownFileType = sourcecode.swift; path = MineView.swift; sourceTree = "<group>"; };
		3E5FC2B32AC02FC600EBD86B /* Book.swift */ = {isa = PBXFileReference; lastKnownFileType = sourcecode.swift; path = Book.swift; sourceTree = "<group>"; };
		3E5FC2B52AC03B5100EBD86B /* BookItemView.swift */ = {isa = PBXFileReference; lastKnownFileType = sourcecode.swift; path = BookItemView.swift; sourceTree = "<group>"; };
		3E5FC2B92AC060C500EBD86B /* TabViewModel.swift */ = {isa = PBXFileReference; lastKnownFileType = sourcecode.swift; path = TabViewModel.swift; sourceTree = "<group>"; };
		3E5FC2BB2AC0648600EBD86B /* BookshelfViewModel.swift */ = {isa = PBXFileReference; lastKnownFileType = sourcecode.swift; path = BookshelfViewModel.swift; sourceTree = "<group>"; };
		3E5FC2BD2AC0851400EBD86B /* MainView.swift */ = {isa = PBXFileReference; lastKnownFileType = sourcecode.swift; path = MainView.swift; sourceTree = "<group>"; };
		3E5FC2C02AC08D0A00EBD86B /* LocalBookshelfViewModel.swift */ = {isa = PBXFileReference; lastKnownFileType = sourcecode.swift; path = LocalBookshelfViewModel.swift; sourceTree = "<group>"; };
		3E5FC2C32AC08EF400EBD86B /* AddBookView.swift */ = {isa = PBXFileReference; lastKnownFileType = sourcecode.swift; path = AddBookView.swift; sourceTree = "<group>"; };
		8E54C8D7C90959E45DF78300 /* Pods-XHomeLibrary.debug.xcconfig */ = {isa = PBXFileReference; includeInIndex = 1; lastKnownFileType = text.xcconfig; name = "Pods-XHomeLibrary.debug.xcconfig"; path = "Target Support Files/Pods-XHomeLibrary/Pods-XHomeLibrary.debug.xcconfig"; sourceTree = "<group>"; };
/* End PBXFileReference section */

/* Begin PBXFrameworksBuildPhase section */
		3E4B8E532ABFE6B60010028C /* Frameworks */ = {
			isa = PBXFrameworksBuildPhase;
			buildActionMask = 2147483647;
			files = (
				3BC259E906A3443CBBA34DB2 /* Pods_XHomeLibrary.framework in Frameworks */,
			);
			runOnlyForDeploymentPostprocessing = 0;
		};
/* End PBXFrameworksBuildPhase section */

/* Begin PBXGroup section */
		3E0E47A32AC1DAAA003A2C1B /* Tool */ = {
			isa = PBXGroup;
			children = (
				3E0E47A42AC1DABD003A2C1B /* ViewModifier */,
				3E0E47A72AC1DDBF003A2C1B /* XColor.swift */,
			);
			path = Tool;
			sourceTree = "<group>";
		};
		3E0E47A42AC1DABD003A2C1B /* ViewModifier */ = {
			isa = PBXGroup;
			children = (
				3E0E47A52AC1DB06003A2C1B /* HoneycombImageModifier.swift */,
			);
			path = ViewModifier;
			sourceTree = "<group>";
		};
		3E4B8E4D2ABFE6B60010028C = {
			isa = PBXGroup;
			children = (
				3E4B8E582ABFE6B60010028C /* XHomeLibrary */,
				3E4B8E572ABFE6B60010028C /* Products */,
				AAC57864D78BD213AF7BECF2 /* Pods */,
				5820051BFAE429BB67915832 /* Frameworks */,
			);
			sourceTree = "<group>";
		};
		3E4B8E572ABFE6B60010028C /* Products */ = {
			isa = PBXGroup;
			children = (
				3E4B8E562ABFE6B60010028C /* XHomeLibrary.app */,
			);
			name = Products;
			sourceTree = "<group>";
		};
		3E4B8E582ABFE6B60010028C /* XHomeLibrary */ = {
			isa = PBXGroup;
			children = (
				3E4B8E592ABFE6B60010028C /* XHomeLibraryApp.swift */,
				3E4B8E5B2ABFE6B60010028C /* ContentView.swift */,
				3E5FC2922ABFF4F100EBD86B /* MVVM */,
				3E0E47A32AC1DAAA003A2C1B /* Tool */,
				3E5FC2962ABFF56E00EBD86B /* Network */,
				3E4B8E5D2ABFE6B80010028C /* Assets.xcassets */,
				3E4B8E5F2ABFE6B80010028C /* Preview Content */,
			);
			path = XHomeLibrary;
			sourceTree = "<group>";
		};
		3E4B8E5F2ABFE6B80010028C /* Preview Content */ = {
			isa = PBXGroup;
			children = (
				3E4B8E602ABFE6B80010028C /* Preview Assets.xcassets */,
			);
			path = "Preview Content";
			sourceTree = "<group>";
		};
		3E5FC2922ABFF4F100EBD86B /* MVVM */ = {
			isa = PBXGroup;
			children = (
				3E5FC2952ABFF51100EBD86B /* Model */,
				3E5FC2942ABFF50D00EBD86B /* View */,
				3E5FC2932ABFF50300EBD86B /* ViewModel */,
			);
			path = MVVM;
			sourceTree = "<group>";
		};
		3E5FC2932ABFF50300EBD86B /* ViewModel */ = {
			isa = PBXGroup;
			children = (
				3E5FC2B92AC060C500EBD86B /* TabViewModel.swift */,
				3E5FC2BB2AC0648600EBD86B /* BookshelfViewModel.swift */,
				3E5FC2C02AC08D0A00EBD86B /* LocalBookshelfViewModel.swift */,
			);
			path = ViewModel;
			sourceTree = "<group>";
		};
		3E5FC2942ABFF50D00EBD86B /* View */ = {
			isa = PBXGroup;
			children = (
				3E5FC2BD2AC0851400EBD86B /* MainView.swift */,
				3E5FC2BF2AC0851E00EBD86B /* Home */,
				3E5FC2B72AC03B5900EBD86B /* Shelf */,
				3E5FC2C22AC08ED600EBD86B /* Add */,
				3E5FC2B82AC05E4200EBD86B /* Mine */,
			);
			path = View;
			sourceTree = "<group>";
		};
		3E5FC2952ABFF51100EBD86B /* Model */ = {
			isa = PBXGroup;
			children = (
				3E5FC2B32AC02FC600EBD86B /* Book.swift */,
			);
			path = Model;
			sourceTree = "<group>";
		};
		3E5FC2962ABFF56E00EBD86B /* Network */ = {
			isa = PBXGroup;
			children = (
				3E5FC2972ABFF56E00EBD86B /* Apis */,
				3E5FC2992ABFF56E00EBD86B /* Extension */,
				3E5FC29D2ABFF56E00EBD86B /* Config */,
				3E5FC2A02ABFF56E00EBD86B /* Plugin */,
			);
			path = Network;
			sourceTree = "<group>";
		};
		3E5FC2972ABFF56E00EBD86B /* Apis */ = {
			isa = PBXGroup;
			children = (
				3E5FC2982ABFF56E00EBD86B /* SearchAPI.swift */,
			);
			path = Apis;
			sourceTree = "<group>";
		};
		3E5FC2992ABFF56E00EBD86B /* Extension */ = {
			isa = PBXGroup;
			children = (
				3E5FC29A2ABFF56E00EBD86B /* MoyaResult+Extension.swift */,
				3E5FC29B2ABFF56E00EBD86B /* MoyaProviderType+Extension.swift */,
				3E5FC29C2ABFF56E00EBD86B /* Response+Extension.swift */,
			);
			path = Extension;
			sourceTree = "<group>";
		};
		3E5FC29D2ABFF56E00EBD86B /* Config */ = {
			isa = PBXGroup;
			children = (
				3E5FC29E2ABFF56E00EBD86B /* NetWorking.swift */,
				3E5FC29F2ABFF56E00EBD86B /* ApiConfig.swift */,
			);
			path = Config;
			sourceTree = "<group>";
		};
		3E5FC2A02ABFF56E00EBD86B /* Plugin */ = {
			isa = PBXGroup;
			children = (
				3E5FC2A12ABFF56E00EBD86B /* TokenPlugin.swift */,
				3E5FC2A22ABFF56E00EBD86B /* NetworkLoggerPlugin.swift */,
				3E5FC2A32ABFF56E00EBD86B /* WarningPlugin.swift */,
			);
			path = Plugin;
			sourceTree = "<group>";
		};
		3E5FC2B72AC03B5900EBD86B /* Shelf */ = {
			isa = PBXGroup;
			children = (
				3E5FC2AD2AC020A200EBD86B /* LocalBookshelfView.swift */,
				3E5FC2B52AC03B5100EBD86B /* BookItemView.swift */,
			);
			path = Shelf;
			sourceTree = "<group>";
		};
		3E5FC2B82AC05E4200EBD86B /* Mine */ = {
			isa = PBXGroup;
			children = (
				3E5FC2AF2AC020F800EBD86B /* MineView.swift */,
			);
			path = Mine;
			sourceTree = "<group>";
		};
		3E5FC2BF2AC0851E00EBD86B /* Home */ = {
			isa = PBXGroup;
			children = (
				3E5FC2902ABFEA1800EBD86B /* HomeView.swift */,
				3E3B6EA82AC478B10078AFB0 /* BookshelfView.swift */,
			);
			path = Home;
			sourceTree = "<group>";
		};
		3E5FC2C22AC08ED600EBD86B /* Add */ = {
			isa = PBXGroup;
			children = (
				3E5FC2C32AC08EF400EBD86B /* AddBookView.swift */,
			);
			path = Add;
			sourceTree = "<group>";
		};
		5820051BFAE429BB67915832 /* Frameworks */ = {
			isa = PBXGroup;
			children = (
				243B8E70B926AA63D6D49F25 /* Pods_XHomeLibrary.framework */,
			);
			name = Frameworks;
			sourceTree = "<group>";
		};
		AAC57864D78BD213AF7BECF2 /* Pods */ = {
			isa = PBXGroup;
			children = (
				8E54C8D7C90959E45DF78300 /* Pods-XHomeLibrary.debug.xcconfig */,
				14B1E245D87BD8DD275875C5 /* Pods-XHomeLibrary.release.xcconfig */,
			);
			path = Pods;
			sourceTree = "<group>";
		};
/* End PBXGroup section */

/* Begin PBXNativeTarget section */
		3E4B8E552ABFE6B60010028C /* XHomeLibrary */ = {
			isa = PBXNativeTarget;
			buildConfigurationList = 3E4B8E642ABFE6B80010028C /* Build configuration list for PBXNativeTarget "XHomeLibrary" */;
			buildPhases = (
				0EE92502E5216C69DBAEE8A2 /* [CP] Check Pods Manifest.lock */,
				3E4B8E522ABFE6B60010028C /* Sources */,
				3E4B8E532ABFE6B60010028C /* Frameworks */,
				3E4B8E542ABFE6B60010028C /* Resources */,
				7A86F3E0C314BFEA9419BCFC /* [CP] Embed Pods Frameworks */,
			);
			buildRules = (
			);
			dependencies = (
			);
			name = XHomeLibrary;
			productName = XHomeLibrary;
			productReference = 3E4B8E562ABFE6B60010028C /* XHomeLibrary.app */;
			productType = "com.apple.product-type.application";
		};
/* End PBXNativeTarget section */

/* Begin PBXProject section */
		3E4B8E4E2ABFE6B60010028C /* Project object */ = {
			isa = PBXProject;
			attributes = {
				BuildIndependentTargetsInParallel = 1;
				LastSwiftUpdateCheck = 1500;
				LastUpgradeCheck = 1500;
				TargetAttributes = {
					3E4B8E552ABFE6B60010028C = {
						CreatedOnToolsVersion = 15.0;
					};
				};
			};
			buildConfigurationList = 3E4B8E512ABFE6B60010028C /* Build configuration list for PBXProject "XHomeLibrary" */;
			compatibilityVersion = "Xcode 14.0";
			developmentRegion = en;
			hasScannedForEncodings = 0;
			knownRegions = (
				en,
				Base,
			);
			mainGroup = 3E4B8E4D2ABFE6B60010028C;
			productRefGroup = 3E4B8E572ABFE6B60010028C /* Products */;
			projectDirPath = "";
			projectRoot = "";
			targets = (
				3E4B8E552ABFE6B60010028C /* XHomeLibrary */,
			);
		};
/* End PBXProject section */

/* Begin PBXResourcesBuildPhase section */
		3E4B8E542ABFE6B60010028C /* Resources */ = {
			isa = PBXResourcesBuildPhase;
			buildActionMask = 2147483647;
			files = (
				3E4B8E612ABFE6B80010028C /* Preview Assets.xcassets in Resources */,
				3E4B8E5E2ABFE6B80010028C /* Assets.xcassets in Resources */,
			);
			runOnlyForDeploymentPostprocessing = 0;
		};
/* End PBXResourcesBuildPhase section */

/* Begin PBXShellScriptBuildPhase section */
		0EE92502E5216C69DBAEE8A2 /* [CP] Check Pods Manifest.lock */ = {
			isa = PBXShellScriptBuildPhase;
			buildActionMask = 2147483647;
			files = (
			);
			inputFileListPaths = (
			);
			inputPaths = (
				"${PODS_PODFILE_DIR_PATH}/Podfile.lock",
				"${PODS_ROOT}/Manifest.lock",
			);
			name = "[CP] Check Pods Manifest.lock";
			outputFileListPaths = (
			);
			outputPaths = (
				"$(DERIVED_FILE_DIR)/Pods-XHomeLibrary-checkManifestLockResult.txt",
			);
			runOnlyForDeploymentPostprocessing = 0;
			shellPath = /bin/sh;
			shellScript = "diff \"${PODS_PODFILE_DIR_PATH}/Podfile.lock\" \"${PODS_ROOT}/Manifest.lock\" > /dev/null\nif [ $? != 0 ] ; then\n    # print error to STDERR\n    echo \"error: The sandbox is not in sync with the Podfile.lock. Run 'pod install' or update your CocoaPods installation.\" >&2\n    exit 1\nfi\n# This output is used by Xcode 'outputs' to avoid re-running this script phase.\necho \"SUCCESS\" > \"${SCRIPT_OUTPUT_FILE_0}\"\n";
			showEnvVarsInLog = 0;
		};
		7A86F3E0C314BFEA9419BCFC /* [CP] Embed Pods Frameworks */ = {
			isa = PBXShellScriptBuildPhase;
			buildActionMask = 2147483647;
			files = (
			);
			inputFileListPaths = (
				"${PODS_ROOT}/Target Support Files/Pods-XHomeLibrary/Pods-XHomeLibrary-frameworks-${CONFIGURATION}-input-files.xcfilelist",
			);
			name = "[CP] Embed Pods Frameworks";
			outputFileListPaths = (
				"${PODS_ROOT}/Target Support Files/Pods-XHomeLibrary/Pods-XHomeLibrary-frameworks-${CONFIGURATION}-output-files.xcfilelist",
			);
			runOnlyForDeploymentPostprocessing = 0;
			shellPath = /bin/sh;
			shellScript = "\"${PODS_ROOT}/Target Support Files/Pods-XHomeLibrary/Pods-XHomeLibrary-frameworks.sh\"\n";
			showEnvVarsInLog = 0;
		};
/* End PBXShellScriptBuildPhase section */

/* Begin PBXSourcesBuildPhase section */
		3E4B8E522ABFE6B60010028C /* Sources */ = {
			isa = PBXSourcesBuildPhase;
			buildActionMask = 2147483647;
			files = (
				3E5FC2C12AC08D0A00EBD86B /* LocalBookshelfViewModel.swift in Sources */,
				3E5FC2B42AC02FC600EBD86B /* Book.swift in Sources */,
				3E5FC2AE2AC020A200EBD86B /* LocalBookshelfView.swift in Sources */,
				3E5FC2BC2AC0648600EBD86B /* BookshelfViewModel.swift in Sources */,
				3E5FC2A72ABFF56E00EBD86B /* Response+Extension.swift in Sources */,
				3E5FC2A52ABFF56E00EBD86B /* MoyaResult+Extension.swift in Sources */,
				3E5FC2BE2AC0851400EBD86B /* MainView.swift in Sources */,
				3E5FC2C42AC08EF400EBD86B /* AddBookView.swift in Sources */,
				3E5FC2B02AC020F800EBD86B /* MineView.swift in Sources */,
				3E0E47A82AC1DDBF003A2C1B /* XColor.swift in Sources */,
				3E5FC2912ABFEA1800EBD86B /* HomeView.swift in Sources */,
				3E5FC2AC2ABFF56E00EBD86B /* WarningPlugin.swift in Sources */,
				3E5FC2A82ABFF56E00EBD86B /* NetWorking.swift in Sources */,
				3E5FC2A62ABFF56E00EBD86B /* MoyaProviderType+Extension.swift in Sources */,
				3E3B6EA92AC478B10078AFB0 /* BookshelfView.swift in Sources */,
				3E4B8E5C2ABFE6B60010028C /* ContentView.swift in Sources */,
				3E5FC2A42ABFF56E00EBD86B /* SearchAPI.swift in Sources */,
				3E4B8E5A2ABFE6B60010028C /* XHomeLibraryApp.swift in Sources */,
				3E5FC2AB2ABFF56E00EBD86B /* NetworkLoggerPlugin.swift in Sources */,
				3E5FC2AA2ABFF56E00EBD86B /* TokenPlugin.swift in Sources */,
				3E5FC2B62AC03B5100EBD86B /* BookItemView.swift in Sources */,
				3E0E47A62AC1DB06003A2C1B /* HoneycombImageModifier.swift in Sources */,
				3E5FC2BA2AC060C500EBD86B /* TabViewModel.swift in Sources */,
				3E5FC2A92ABFF56E00EBD86B /* ApiConfig.swift in Sources */,
			);
			runOnlyForDeploymentPostprocessing = 0;
		};
/* End PBXSourcesBuildPhase section */

/* Begin XCBuildConfiguration section */
		3E4B8E622ABFE6B80010028C /* Debug */ = {
			isa = XCBuildConfiguration;
			buildSettings = {
				ALWAYS_SEARCH_USER_PATHS = NO;
				ASSETCATALOG_COMPILER_GENERATE_SWIFT_ASSET_SYMBOL_EXTENSIONS = YES;
				CLANG_ANALYZER_NONNULL = YES;
				CLANG_ANALYZER_NUMBER_OBJECT_CONVERSION = YES_AGGRESSIVE;
				CLANG_CXX_LANGUAGE_STANDARD = "gnu++20";
				CLANG_ENABLE_MODULES = YES;
				CLANG_ENABLE_OBJC_ARC = YES;
				CLANG_ENABLE_OBJC_WEAK = YES;
				CLANG_WARN_BLOCK_CAPTURE_AUTORELEASING = YES;
				CLANG_WARN_BOOL_CONVERSION = YES;
				CLANG_WARN_COMMA = YES;
				CLANG_WARN_CONSTANT_CONVERSION = YES;
				CLANG_WARN_DEPRECATED_OBJC_IMPLEMENTATIONS = YES;
				CLANG_WARN_DIRECT_OBJC_ISA_USAGE = YES_ERROR;
				CLANG_WARN_DOCUMENTATION_COMMENTS = YES;
				CLANG_WARN_EMPTY_BODY = YES;
				CLANG_WARN_ENUM_CONVERSION = YES;
				CLANG_WARN_INFINITE_RECURSION = YES;
				CLANG_WARN_INT_CONVERSION = YES;
				CLANG_WARN_NON_LITERAL_NULL_CONVERSION = YES;
				CLANG_WARN_OBJC_IMPLICIT_RETAIN_SELF = YES;
				CLANG_WARN_OBJC_LITERAL_CONVERSION = YES;
				CLANG_WARN_OBJC_ROOT_CLASS = YES_ERROR;
				CLANG_WARN_QUOTED_INCLUDE_IN_FRAMEWORK_HEADER = YES;
				CLANG_WARN_RANGE_LOOP_ANALYSIS = YES;
				CLANG_WARN_STRICT_PROTOTYPES = YES;
				CLANG_WARN_SUSPICIOUS_MOVE = YES;
				CLANG_WARN_UNGUARDED_AVAILABILITY = YES_AGGRESSIVE;
				CLANG_WARN_UNREACHABLE_CODE = YES;
				CLANG_WARN__DUPLICATE_METHOD_MATCH = YES;
				COPY_PHASE_STRIP = NO;
				DEBUG_INFORMATION_FORMAT = dwarf;
				ENABLE_STRICT_OBJC_MSGSEND = YES;
				ENABLE_TESTABILITY = YES;
				ENABLE_USER_SCRIPT_SANDBOXING = YES;
				GCC_C_LANGUAGE_STANDARD = gnu17;
				GCC_DYNAMIC_NO_PIC = NO;
				GCC_NO_COMMON_BLOCKS = YES;
				GCC_OPTIMIZATION_LEVEL = 0;
				GCC_PREPROCESSOR_DEFINITIONS = (
					"DEBUG=1",
					"$(inherited)",
				);
				GCC_WARN_64_TO_32_BIT_CONVERSION = YES;
				GCC_WARN_ABOUT_RETURN_TYPE = YES_ERROR;
				GCC_WARN_UNDECLARED_SELECTOR = YES;
				GCC_WARN_UNINITIALIZED_AUTOS = YES_AGGRESSIVE;
				GCC_WARN_UNUSED_FUNCTION = YES;
				GCC_WARN_UNUSED_VARIABLE = YES;
				IPHONEOS_DEPLOYMENT_TARGET = 17.0;
				LOCALIZATION_PREFERS_STRING_CATALOGS = YES;
				MTL_ENABLE_DEBUG_INFO = INCLUDE_SOURCE;
				MTL_FAST_MATH = YES;
				ONLY_ACTIVE_ARCH = YES;
				SDKROOT = iphoneos;
				SWIFT_ACTIVE_COMPILATION_CONDITIONS = "DEBUG $(inherited)";
				SWIFT_OPTIMIZATION_LEVEL = "-Onone";
			};
			name = Debug;
		};
		3E4B8E632ABFE6B80010028C /* Release */ = {
			isa = XCBuildConfiguration;
			buildSettings = {
				ALWAYS_SEARCH_USER_PATHS = NO;
				ASSETCATALOG_COMPILER_GENERATE_SWIFT_ASSET_SYMBOL_EXTENSIONS = YES;
				CLANG_ANALYZER_NONNULL = YES;
				CLANG_ANALYZER_NUMBER_OBJECT_CONVERSION = YES_AGGRESSIVE;
				CLANG_CXX_LANGUAGE_STANDARD = "gnu++20";
				CLANG_ENABLE_MODULES = YES;
				CLANG_ENABLE_OBJC_ARC = YES;
				CLANG_ENABLE_OBJC_WEAK = YES;
				CLANG_WARN_BLOCK_CAPTURE_AUTORELEASING = YES;
				CLANG_WARN_BOOL_CONVERSION = YES;
				CLANG_WARN_COMMA = YES;
				CLANG_WARN_CONSTANT_CONVERSION = YES;
				CLANG_WARN_DEPRECATED_OBJC_IMPLEMENTATIONS = YES;
				CLANG_WARN_DIRECT_OBJC_ISA_USAGE = YES_ERROR;
				CLANG_WARN_DOCUMENTATION_COMMENTS = YES;
				CLANG_WARN_EMPTY_BODY = YES;
				CLANG_WARN_ENUM_CONVERSION = YES;
				CLANG_WARN_INFINITE_RECURSION = YES;
				CLANG_WARN_INT_CONVERSION = YES;
				CLANG_WARN_NON_LITERAL_NULL_CONVERSION = YES;
				CLANG_WARN_OBJC_IMPLICIT_RETAIN_SELF = YES;
				CLANG_WARN_OBJC_LITERAL_CONVERSION = YES;
				CLANG_WARN_OBJC_ROOT_CLASS = YES_ERROR;
				CLANG_WARN_QUOTED_INCLUDE_IN_FRAMEWORK_HEADER = YES;
				CLANG_WARN_RANGE_LOOP_ANALYSIS = YES;
				CLANG_WARN_STRICT_PROTOTYPES = YES;
				CLANG_WARN_SUSPICIOUS_MOVE = YES;
				CLANG_WARN_UNGUARDED_AVAILABILITY = YES_AGGRESSIVE;
				CLANG_WARN_UNREACHABLE_CODE = YES;
				CLANG_WARN__DUPLICATE_METHOD_MATCH = YES;
				COPY_PHASE_STRIP = NO;
				DEBUG_INFORMATION_FORMAT = "dwarf-with-dsym";
				ENABLE_NS_ASSERTIONS = NO;
				ENABLE_STRICT_OBJC_MSGSEND = YES;
				ENABLE_USER_SCRIPT_SANDBOXING = YES;
				GCC_C_LANGUAGE_STANDARD = gnu17;
				GCC_NO_COMMON_BLOCKS = YES;
				GCC_WARN_64_TO_32_BIT_CONVERSION = YES;
				GCC_WARN_ABOUT_RETURN_TYPE = YES_ERROR;
				GCC_WARN_UNDECLARED_SELECTOR = YES;
				GCC_WARN_UNINITIALIZED_AUTOS = YES_AGGRESSIVE;
				GCC_WARN_UNUSED_FUNCTION = YES;
				GCC_WARN_UNUSED_VARIABLE = YES;
				IPHONEOS_DEPLOYMENT_TARGET = 17.0;
				LOCALIZATION_PREFERS_STRING_CATALOGS = YES;
				MTL_ENABLE_DEBUG_INFO = NO;
				MTL_FAST_MATH = YES;
				SDKROOT = iphoneos;
				SWIFT_COMPILATION_MODE = wholemodule;
				VALIDATE_PRODUCT = YES;
			};
			name = Release;
		};
		3E4B8E652ABFE6B80010028C /* Debug */ = {
			isa = XCBuildConfiguration;
			baseConfigurationReference = 8E54C8D7C90959E45DF78300 /* Pods-XHomeLibrary.debug.xcconfig */;
			buildSettings = {
				ASSETCATALOG_COMPILER_APPICON_NAME = AppIcon;
				ASSETCATALOG_COMPILER_GLOBAL_ACCENT_COLOR_NAME = AccentColor;
				CODE_SIGN_STYLE = Automatic;
				CURRENT_PROJECT_VERSION = 1;
				DEVELOPMENT_ASSET_PATHS = "\"XHomeLibrary/Preview Content\"";
				ENABLE_PREVIEWS = YES;
				ENABLE_USER_SCRIPT_SANDBOXING = NO;
				GENERATE_INFOPLIST_FILE = YES;
				INFOPLIST_KEY_UIApplicationSceneManifest_Generation = YES;
				INFOPLIST_KEY_UIApplicationSupportsIndirectInputEvents = YES;
				INFOPLIST_KEY_UILaunchScreen_Generation = YES;
				INFOPLIST_KEY_UISupportedInterfaceOrientations_iPad = "UIInterfaceOrientationPortrait UIInterfaceOrientationPortraitUpsideDown UIInterfaceOrientationLandscapeLeft UIInterfaceOrientationLandscapeRight";
				INFOPLIST_KEY_UISupportedInterfaceOrientations_iPhone = "UIInterfaceOrientationPortrait UIInterfaceOrientationLandscapeLeft UIInterfaceOrientationLandscapeRight";
				IPHONEOS_DEPLOYMENT_TARGET = 16.0;
				LD_RUNPATH_SEARCH_PATHS = (
					"$(inherited)",
					"@executable_path/Frameworks",
				);
				MARKETING_VERSION = 1.0;
				PRODUCT_BUNDLE_IDENTIFIER = com.linglong.x.XHomeLibrary;
				PRODUCT_NAME = "$(TARGET_NAME)";
				SWIFT_EMIT_LOC_STRINGS = YES;
				SWIFT_VERSION = 5.0;
				TARGETED_DEVICE_FAMILY = "1,2";
			};
			name = Debug;
		};
		3E4B8E662ABFE6B80010028C /* Release */ = {
			isa = XCBuildConfiguration;
			baseConfigurationReference = 14B1E245D87BD8DD275875C5 /* Pods-XHomeLibrary.release.xcconfig */;
			buildSettings = {
				ASSETCATALOG_COMPILER_APPICON_NAME = AppIcon;
				ASSETCATALOG_COMPILER_GLOBAL_ACCENT_COLOR_NAME = AccentColor;
				CODE_SIGN_STYLE = Automatic;
				CURRENT_PROJECT_VERSION = 1;
				DEVELOPMENT_ASSET_PATHS = "\"XHomeLibrary/Preview Content\"";
				ENABLE_PREVIEWS = YES;
				ENABLE_USER_SCRIPT_SANDBOXING = NO;
				GENERATE_INFOPLIST_FILE = YES;
				INFOPLIST_KEY_UIApplicationSceneManifest_Generation = YES;
				INFOPLIST_KEY_UIApplicationSupportsIndirectInputEvents = YES;
				INFOPLIST_KEY_UILaunchScreen_Generation = YES;
				INFOPLIST_KEY_UISupportedInterfaceOrientations_iPad = "UIInterfaceOrientationPortrait UIInterfaceOrientationPortraitUpsideDown UIInterfaceOrientationLandscapeLeft UIInterfaceOrientationLandscapeRight";
				INFOPLIST_KEY_UISupportedInterfaceOrientations_iPhone = "UIInterfaceOrientationPortrait UIInterfaceOrientationLandscapeLeft UIInterfaceOrientationLandscapeRight";
				IPHONEOS_DEPLOYMENT_TARGET = 16.0;
				LD_RUNPATH_SEARCH_PATHS = (
					"$(inherited)",
					"@executable_path/Frameworks",
				);
				MARKETING_VERSION = 1.0;
				PRODUCT_BUNDLE_IDENTIFIER = com.linglong.x.XHomeLibrary;
				PRODUCT_NAME = "$(TARGET_NAME)";
				SWIFT_EMIT_LOC_STRINGS = YES;
				SWIFT_VERSION = 5.0;
				TARGETED_DEVICE_FAMILY = "1,2";
			};
			name = Release;
		};
/* End XCBuildConfiguration section */

/* Begin XCConfigurationList section */
		3E4B8E512ABFE6B60010028C /* Build configuration list for PBXProject "XHomeLibrary" */ = {
			isa = XCConfigurationList;
			buildConfigurations = (
				3E4B8E622ABFE6B80010028C /* Debug */,
				3E4B8E632ABFE6B80010028C /* Release */,
			);
			defaultConfigurationIsVisible = 0;
			defaultConfigurationName = Release;
		};
		3E4B8E642ABFE6B80010028C /* Build configuration list for PBXNativeTarget "XHomeLibrary" */ = {
			isa = XCConfigurationList;
			buildConfigurations = (
				3E4B8E652ABFE6B80010028C /* Debug */,
				3E4B8E662ABFE6B80010028C /* Release */,
			);
			defaultConfigurationIsVisible = 0;
			defaultConfigurationName = Release;
		};
/* End XCConfigurationList section */
	};
	rootObject = 3E4B8E4E2ABFE6B60010028C /* Project object */;
}
